<?xml version="1.0" encoding="UTF-8" standalone="yes" ?>
<CodeBlocks_project_file>
	<FileVersion major="1" minor="6" />
	<Project>
		<Option title="ProjectCpp" />
		<Option pch_mode="2" />
		<Option compiler="gcc" />
		<Build>
			<Target title="default">
				<Option output="ProjectCpp" prefix_auto="1" extension_auto="1" />
				<Option type="1" />
				<Option compiler="gcc" />
			</Target>
		</Build>
		<Unit filename="Admin.cpp" />
		<Unit filename="Beneficiary.cpp" />
		<Unit filename="Donator.cpp" />
		<Unit filename="Entity.cpp" />
		<Unit filename="EntityHeader.h" />
		<Unit filename="Material.cpp" />
		<Unit filename="Menu.cpp" />
		<Unit filename="MenuHeader.h" />
		<Unit filename="Offers.cpp" />
		<Unit filename="Organization.cpp" />
		<Unit filename="OrganizationHeader.h" />
		<Unit filename="RequestDonation.cpp" />
		<Unit filename="RequestDonationHeader.h" />
		<Unit filename="RequestDonationList.cpp" />
		<Unit filename="RequestDonationListHeader.h" />
		<Unit filename="Requests.cpp" />
		<Unit filename="Service.cpp" />
		<Unit filename="User.cpp" />
		<Unit filename="UserHeader.h" />
		<Unit filename="main.cpp" />
		<Extensions />
	</Project>
</CodeBlocks_project_file>
